
Microsoft Visual Studio Solution File, Format Version 12.00
# Visual Studio Version 16
VisualStudioVersion = 16.0.30611.23
MinimumVisualStudioVersion = 10.0.40219.1
Project("{FAE04EC0-301F-11D3-BF4B-00C04F79EFBC}") = "Avia_is", "Avia_is.csproj", "{4817C2E2-95B9-49BE-84FE-391EC9827580}"
EndProject
Global
	GlobalSection(SolutionConfigurationPlatforms) = preSolution
		Debug|Any CPU = Debug|Any CPU
		Release|Any CPU = Release|Any CPU
	EndGlobalSection
	GlobalSection(ProjectConfigurationPlatforms) = postSolution
		{4817C2E2-95B9-49BE-84FE-391EC9827580}.Debug|Any CPU.ActiveCfg = Debug|Any CPU
		{4817C2E2-95B9-49BE-84FE-391EC9827580}.Debug|Any CPU.Build.0 = Debug|Any CPU
		{4817C2E2-95B9-49BE-84FE-391EC9827580}.Release|Any CPU.ActiveCfg = Release|Any CPU
		{4817C2E2-95B9-49BE-84FE-391EC9827580}.Release|Any CPU.Build.0 = Release|Any CPU
	EndGlobalSection
	GlobalSection(SolutionProperties) = preSolution
		HideSolutionNode = FALSE
	EndGlobalSection
	GlobalSection(ExtensibilityGlobals) = postSolution
		SolutionGuid = {E84EB4EE-5FF7-468A-A652-C424150B7E65}
	EndGlobalSection
EndGlobal
